// !$*UTF8*$!
{
	archiveVersion = 1;
	classes = {
	};
	objectVersion = 46;
	objects = {

/* Begin PBXBuildFile section */
		94BFAA331891BF4F004E273A /* Foundation.framework in Frameworks */ = {isa = PBXBuildFile; fileRef = 94BFAA321891BF4F004E273A /* Foundation.framework */; };
		94BFAA351891BF4F004E273A /* CoreGraphics.framework in Frameworks */ = {isa = PBXBuildFile; fileRef = 94BFAA341891BF4F004E273A /* CoreGraphics.framework */; };
		94BFAA371891BF50004E273A /* UIKit.framework in Frameworks */ = {isa = PBXBuildFile; fileRef = 94BFAA361891BF50004E273A /* UIKit.framework */; };
		94BFAA3D1891BF50004E273A /* InfoPlist.strings in Resources */ = {isa = PBXBuildFile; fileRef = 94BFAA3B1891BF50004E273A /* InfoPlist.strings */; };
		94BFAA3F1891BF50004E273A /* main.m in Sources */ = {isa = PBXBuildFile; fileRef = 94BFAA3E1891BF50004E273A /* main.m */; };
		94BFAA431891BF50004E273A /* GMAppDelegate.m in Sources */ = {isa = PBXBuildFile; fileRef = 94BFAA421891BF50004E273A /* GMAppDelegate.m */; };
		94BFAA461891BF50004E273A /* Main.storyboard in Resources */ = {isa = PBXBuildFile; fileRef = 94BFAA441891BF50004E273A /* Main.storyboard */; };
		94BFAA491891BF50004E273A /* GMViewController.m in Sources */ = {isa = PBXBuildFile; fileRef = 94BFAA481891BF50004E273A /* GMViewController.m */; };
		94BFAA4B1891BF50004E273A /* Images.xcassets in Resources */ = {isa = PBXBuildFile; fileRef = 94BFAA4A1891BF50004E273A /* Images.xcassets */; };
		94BFAA521891BF50004E273A /* XCTest.framework in Frameworks */ = {isa = PBXBuildFile; fileRef = 94BFAA511891BF50004E273A /* XCTest.framework */; };
		94BFAA531891BF50004E273A /* Foundation.framework in Frameworks */ = {isa = PBXBuildFile; fileRef = 94BFAA321891BF4F004E273A /* Foundation.framework */; };
		94BFAA541891BF50004E273A /* UIKit.framework in Frameworks */ = {isa = PBXBuildFile; fileRef = 94BFAA361891BF50004E273A /* UIKit.framework */; };
		94BFAA5C1891BF50004E273A /* InfoPlist.strings in Resources */ = {isa = PBXBuildFile; fileRef = 94BFAA5A1891BF50004E273A /* InfoPlist.strings */; };
		94BFAA5E1891BF50004E273A /* GroupMe_iOS_SDKTests.m in Sources */ = {isa = PBXBuildFile; fileRef = 94BFAA5D1891BF50004E273A /* GroupMe_iOS_SDKTests.m */; };
/* End PBXBuildFile section */

/* Begin PBXContainerItemProxy section */
		94BFAA551891BF50004E273A /* PBXContainerItemProxy */ = {
			isa = PBXContainerItemProxy;
			containerPortal = 94BFAA271891BF4F004E273A /* Project object */;
			proxyType = 1;
			remoteGlobalIDString = 94BFAA2E1891BF4F004E273A;
			remoteInfo = "GroupMe-iOS-SDK";
		};
/* End PBXContainerItemProxy section */

/* Begin PBXFileReference section */
		94BFAA2F1891BF4F004E273A /* GroupMe-iOS-SDK.app */ = {isa = PBXFileReference; explicitFileType = wrapper.application; includeInIndex = 0; path = "GroupMe-iOS-SDK.app"; sourceTree = BUILT_PRODUCTS_DIR; };
		94BFAA321891BF4F004E273A /* Foundation.framework */ = {isa = PBXFileReference; lastKnownFileType = wrapper.framework; name = Foundation.framework; path = System/Library/Frameworks/Foundation.framework; sourceTree = SDKROOT; };
		94BFAA341891BF4F004E273A /* CoreGraphics.framework */ = {isa = PBXFileReference; lastKnownFileType = wrapper.framework; name = CoreGraphics.framework; path = System/Library/Frameworks/CoreGraphics.framework; sourceTree = SDKROOT; };
		94BFAA361891BF50004E273A /* UIKit.framework */ = {isa = PBXFileReference; lastKnownFileType = wrapper.framework; name = UIKit.framework; path = System/Library/Frameworks/UIKit.framework; sourceTree = SDKROOT; };
		94BFAA3A1891BF50004E273A /* GroupMe-iOS-SDK-Info.plist */ = {isa = PBXFileReference; lastKnownFileType = text.plist.xml; path = "GroupMe-iOS-SDK-Info.plist"; sourceTree = "<group>"; };
		94BFAA3C1891BF50004E273A /* en */ = {isa = PBXFileReference; lastKnownFileType = text.plist.strings; name = en; path = en.lproj/InfoPlist.strings; sourceTree = "<group>"; };
		94BFAA3E1891BF50004E273A /* main.m */ = {isa = PBXFileReference; lastKnownFileType = sourcecode.c.objc; path = main.m; sourceTree = "<group>"; };
		94BFAA401891BF50004E273A /* GroupMe-iOS-SDK-Prefix.pch */ = {isa = PBXFileReference; lastKnownFileType = sourcecode.c.h; path = "GroupMe-iOS-SDK-Prefix.pch"; sourceTree = "<group>"; };
		94BFAA411891BF50004E273A /* GMAppDelegate.h */ = {isa = PBXFileReference; lastKnownFileType = sourcecode.c.h; path = GMAppDelegate.h; sourceTree = "<group>"; };
		94BFAA421891BF50004E273A /* GMAppDelegate.m */ = {isa = PBXFileReference; lastKnownFileType = sourcecode.c.objc; path = GMAppDelegate.m; sourceTree = "<group>"; };
		94BFAA451891BF50004E273A /* Base */ = {isa = PBXFileReference; lastKnownFileType = file.storyboard; name = Base; path = Base.lproj/Main.storyboard; sourceTree = "<group>"; };
		94BFAA471891BF50004E273A /* GMViewController.h */ = {isa = PBXFileReference; lastKnownFileType = sourcecode.c.h; path = GMViewController.h; sourceTree = "<group>"; };
		94BFAA481891BF50004E273A /* GMViewController.m */ = {isa = PBXFileReference; lastKnownFileType = sourcecode.c.objc; path = GMViewController.m; sourceTree = "<group>"; };
		94BFAA4A1891BF50004E273A /* Images.xcassets */ = {isa = PBXFileReference; lastKnownFileType = folder.assetcatalog; path = Images.xcassets; sourceTree = "<group>"; };
		94BFAA501891BF50004E273A /* GroupMe-iOS-SDKTests.xctest */ = {isa = PBXFileReference; explicitFileType = wrapper.cfbundle; includeInIndex = 0; path = "GroupMe-iOS-SDKTests.xctest"; sourceTree = BUILT_PRODUCTS_DIR; };
		94BFAA511891BF50004E273A /* XCTest.framework */ = {isa = PBXFileReference; lastKnownFileType = wrapper.framework; name = XCTest.framework; path = Library/Frameworks/XCTest.framework; sourceTree = DEVELOPER_DIR; };
		94BFAA591891BF50004E273A /* GroupMe-iOS-SDKTests-Info.plist */ = {isa = PBXFileReference; lastKnownFileType = text.plist.xml; path = "GroupMe-iOS-SDKTests-Info.plist"; sourceTree = "<group>"; };
		94BFAA5B1891BF50004E273A /* en */ = {isa = PBXFileReference; lastKnownFileType = text.plist.strings; name = en; path = en.lproj/InfoPlist.strings; sourceTree = "<group>"; };
		94BFAA5D1891BF50004E273A /* GroupMe_iOS_SDKTests.m */ = {isa = PBXFileReference; lastKnownFileType = sourcecode.c.objc; path = GroupMe_iOS_SDKTests.m; sourceTree = "<group>"; };
/* End PBXFileReference section */

/* Begin PBXFrameworksBuildPhase section */
		94BFAA2C1891BF4F004E273A /* Frameworks */ = {
			isa = PBXFrameworksBuildPhase;
			buildActionMask = 2147483647;
			files = (
				94BFAA351891BF4F004E273A /* CoreGraphics.framework in Frameworks */,
				94BFAA371891BF50004E273A /* UIKit.framework in Frameworks */,
				94BFAA331891BF4F004E273A /* Foundation.framework in Frameworks */,
			);
			runOnlyForDeploymentPostprocessing = 0;
		};
		94BFAA4D1891BF50004E273A /* Frameworks */ = {
			isa = PBXFrameworksBuildPhase;
			buildActionMask = 2147483647;
			files = (
				94BFAA521891BF50004E273A /* XCTest.framework in Frameworks */,
				94BFAA541891BF50004E273A /* UIKit.framework in Frameworks */,
				94BFAA531891BF50004E273A /* Foundation.framework in Frameworks */,
			);
			runOnlyForDeploymentPostprocessing = 0;
		};
/* End PBXFrameworksBuildPhase section */

/* Begin PBXGroup section */
		94BFAA261891BF4F004E273A = {
			isa = PBXGroup;
			children = (
				94BFAA381891BF50004E273A /* GroupMe-iOS-SDK */,
				94BFAA571891BF50004E273A /* GroupMe-iOS-SDKTests */,
				94BFAA311891BF4F004E273A /* Frameworks */,
				94BFAA301891BF4F004E273A /* Products */,
			);
			sourceTree = "<group>";
		};
		94BFAA301891BF4F004E273A /* Products */ = {
			isa = PBXGroup;
			children = (
				94BFAA2F1891BF4F004E273A /* GroupMe-iOS-SDK.app */,
				94BFAA501891BF50004E273A /* GroupMe-iOS-SDKTests.xctest */,
			);
			name = Products;
			sourceTree = "<group>";
		};
		94BFAA311891BF4F004E273A /* Frameworks */ = {
			isa = PBXGroup;
			children = (
				94BFAA321891BF4F004E273A /* Foundation.framework */,
				94BFAA341891BF4F004E273A /* CoreGraphics.framework */,
				94BFAA361891BF50004E273A /* UIKit.framework */,
				94BFAA511891BF50004E273A /* XCTest.framework */,
			);
			name = Frameworks;
			sourceTree = "<group>";
		};
		94BFAA381891BF50004E273A /* GroupMe-iOS-SDK */ = {
			isa = PBXGroup;
			children = (
				94BFAA411891BF50004E273A /* GMAppDelegate.h */,
				94BFAA421891BF50004E273A /* GMAppDelegate.m */,
				94BFAA441891BF50004E273A /* Main.storyboard */,
				94BFAA471891BF50004E273A /* GMViewController.h */,
				94BFAA481891BF50004E273A /* GMViewController.m */,
				94BFAA4A1891BF50004E273A /* Images.xcassets */,
				94BFAA391891BF50004E273A /* Supporting Files */,
			);
			path = "GroupMe-iOS-SDK";
			sourceTree = "<group>";
		};
		94BFAA391891BF50004E273A /* Supporting Files */ = {
			isa = PBXGroup;
			children = (
				94BFAA3A1891BF50004E273A /* GroupMe-iOS-SDK-Info.plist */,
				94BFAA3B1891BF50004E273A /* InfoPlist.strings */,
				94BFAA3E1891BF50004E273A /* main.m */,
				94BFAA401891BF50004E273A /* GroupMe-iOS-SDK-Prefix.pch */,
			);
			name = "Supporting Files";
			sourceTree = "<group>";
		};
		94BFAA571891BF50004E273A /* GroupMe-iOS-SDKTests */ = {
			isa = PBXGroup;
			children = (
				94BFAA5D1891BF50004E273A /* GroupMe_iOS_SDKTests.m */,
				94BFAA581891BF50004E273A /* Supporting Files */,
			);
			path = "GroupMe-iOS-SDKTests";
			sourceTree = "<group>";
		};
		94BFAA581891BF50004E273A /* Supporting Files */ = {
			isa = PBXGroup;
			children = (
				94BFAA591891BF50004E273A /* GroupMe-iOS-SDKTests-Info.plist */,
				94BFAA5A1891BF50004E273A /* InfoPlist.strings */,
			);
			name = "Supporting Files";
			sourceTree = "<group>";
		};
/* End PBXGroup section */

/* Begin PBXNativeTarget section */
		94BFAA2E1891BF4F004E273A /* GroupMe-iOS-SDK */ = {
			isa = PBXNativeTarget;
			buildConfigurationList = 94BFAA611891BF50004E273A /* Build configuration list for PBXNativeTarget "GroupMe-iOS-SDK" */;
			buildPhases = (
				94BFAA2B1891BF4F004E273A /* Sources */,
				94BFAA2C1891BF4F004E273A /* Frameworks */,
				94BFAA2D1891BF4F004E273A /* Resources */,
			);
			buildRules = (
			);
			dependencies = (
			);
			name = "GroupMe-iOS-SDK";
			productName = "GroupMe-iOS-SDK";
			productReference = 94BFAA2F1891BF4F004E273A /* GroupMe-iOS-SDK.app */;
			productType = "com.apple.product-type.application";
		};
		94BFAA4F1891BF50004E273A /* GroupMe-iOS-SDKTests */ = {
			isa = PBXNativeTarget;
			buildConfigurationList = 94BFAA641891BF50004E273A /* Build configuration list for PBXNativeTarget "GroupMe-iOS-SDKTests" */;
			buildPhases = (
				94BFAA4C1891BF50004E273A /* Sources */,
				94BFAA4D1891BF50004E273A /* Frameworks */,
				94BFAA4E1891BF50004E273A /* Resources */,
			);
			buildRules = (
			);
			dependencies = (
				94BFAA561891BF50004E273A /* PBXTargetDependency */,
			);
			name = "GroupMe-iOS-SDKTests";
			productName = "GroupMe-iOS-SDKTests";
			productReference = 94BFAA501891BF50004E273A /* GroupMe-iOS-SDKTests.xctest */;
			productType = "com.apple.product-type.bundle.unit-test";
		};
/* End PBXNativeTarget section */

/* Begin PBXProject section */
		94BFAA271891BF4F004E273A /* Project object */ = {
			isa = PBXProject;
			attributes = {
				CLASSPREFIX = GM;
				LastUpgradeCheck = 0500;
				ORGANIZATIONNAME = AugustBrenner;
				TargetAttributes = {
					94BFAA4F1891BF50004E273A = {
						TestTargetID = 94BFAA2E1891BF4F004E273A;
					};
				};
			};
			buildConfigurationList = 94BFAA2A1891BF4F004E273A /* Build configuration list for PBXProject "GroupMe-iOS-SDK" */;
			compatibilityVersion = "Xcode 3.2";
			developmentRegion = English;
			hasScannedForEncodings = 0;
			knownRegions = (
				en,
				Base,
			);
			mainGroup = 94BFAA261891BF4F004E273A;
			productRefGroup = 94BFAA301891BF4F004E273A /* Products */;
			projectDirPath = "";
			projectRoot = "";
			targets = (
				94BFAA2E1891BF4F004E273A /* GroupMe-iOS-SDK */,
				94BFAA4F1891BF50004E273A /* GroupMe-iOS-SDKTests */,
			);
		};
/* End PBXProject section */

/* Begin PBXResourcesBuildPhase section */
		94BFAA2D1891BF4F004E273A /* Resources */ = {
			isa = PBXResourcesBuildPhase;
			buildActionMask = 2147483647;
			files = (
				94BFAA4B1891BF50004E273A /* Images.xcassets in Resources */,
				94BFAA3D1891BF50004E273A /* InfoPlist.strings in Resources */,
				94BFAA461891BF50004E273A /* Main.storyboard in Resources */,
			);
			runOnlyForDeploymentPostprocessing = 0;
		};
		94BFAA4E1891BF50004E273A /* Resources */ = {
			isa = PBXResourcesBuildPhase;
			buildActionMask = 2147483647;
			files = (
				94BFAA5C1891BF50004E273A /* InfoPlist.strings in Resources */,
			);
			runOnlyForDeploymentPostprocessing = 0;
		};
/* End PBXResourcesBuildPhase section */

/* Begin PBXSourcesBuildPhase section */
		94BFAA2B1891BF4F004E273A /* Sources */ = {
			isa = PBXSourcesBuildPhase;
			buildActionMask = 2147483647;
			files = (
				94BFAA431891BF50004E273A /* GMAppDelegate.m in Sources */,
				94BFAA491891BF50004E273A /* GMViewController.m in Sources */,
				94BFAA3F1891BF50004E273A /* main.m in Sources */,
			);
			runOnlyForDeploymentPostprocessing = 0;
		};
		94BFAA4C1891BF50004E273A /* Sources */ = {
			isa = PBXSourcesBuildPhase;
			buildActionMask = 2147483647;
			files = (
				94BFAA5E1891BF50004E273A /* GroupMe_iOS_SDKTests.m in Sources */,
			);
			runOnlyForDeploymentPostprocessing = 0;
		};
/* End PBXSourcesBuildPhase section */

/* Begin PBXTargetDependency section */
		94BFAA561891BF50004E273A /* PBXTargetDependency */ = {
			isa = PBXTargetDependency;
			target = 94BFAA2E1891BF4F004E273A /* GroupMe-iOS-SDK */;
			targetProxy = 94BFAA551891BF50004E273A /* PBXContainerItemProxy */;
		};
/* End PBXTargetDependency section */

/* Begin PBXVariantGroup section */
		94BFAA3B1891BF50004E273A /* InfoPlist.strings */ = {
			isa = PBXVariantGroup;
			children = (
				94BFAA3C1891BF50004E273A /* en */,
			);
			name = InfoPlist.strings;
			sourceTree = "<group>";
		};
		94BFAA441891BF50004E273A /* Main.storyboard */ = {
			isa = PBXVariantGroup;
			children = (
				94BFAA451891BF50004E273A /* Base */,
			);
			name = Main.storyboard;
			sourceTree = "<group>";
		};
		94BFAA5A1891BF50004E273A /* InfoPlist.strings */ = {
			isa = PBXVariantGroup;
			children = (
				94BFAA5B1891BF50004E273A /* en */,
			);
			name = InfoPlist.strings;
			sourceTree = "<group>";
		};
/* End PBXVariantGroup section */

/* Begin XCBuildConfiguration section */
		94BFAA5F1891BF50004E273A /* Debug */ = {
			isa = XCBuildConfiguration;
			buildSettings = {
				ALWAYS_SEARCH_USER_PATHS = NO;
				ARCHS = "$(ARCHS_STANDARD_INCLUDING_64_BIT)";
				CLANG_CXX_LANGUAGE_STANDARD = "gnu++0x";
				CLANG_CXX_LIBRARY = "libc++";
				CLANG_ENABLE_MODULES = YES;
				CLANG_ENABLE_OBJC_ARC = YES;
				CLANG_WARN_BOOL_CONVERSION = YES;
				CLANG_WARN_CONSTANT_CONVERSION = YES;
				CLANG_WARN_DIRECT_OBJC_ISA_USAGE = YES_ERROR;
				CLANG_WARN_EMPTY_BODY = YES;
				CLANG_WARN_ENUM_CONVERSION = YES;
				CLANG_WARN_INT_CONVERSION = YES;
				CLANG_WARN_OBJC_ROOT_CLASS = YES_ERROR;
				CLANG_WARN__DUPLICATE_METHOD_MATCH = YES;
				"CODE_SIGN_IDENTITY[sdk=iphoneos*]" = "iPhone Developer";
				COPY_PHASE_STRIP = NO;
				GCC_C_LANGUAGE_STANDARD = gnu99;
				GCC_DYNAMIC_NO_PIC = NO;
				GCC_OPTIMIZATION_LEVEL = 0;
				GCC_PREPROCESSOR_DEFINITIONS = (
					"DEBUG=1",
					"$(inherited)",
				);
				GCC_SYMBOLS_PRIVATE_EXTERN = NO;
				GCC_WARN_64_TO_32_BIT_CONVERSION = YES;
				GCC_WARN_ABOUT_RETURN_TYPE = YES_ERROR;
				GCC_WARN_UNDECLARED_SELECTOR = YES;
				GCC_WARN_UNINITIALIZED_AUTOS = YES;
				GCC_WARN_UNUSED_FUNCTION = YES;
				GCC_WARN_UNUSED_VARIABLE = YES;
				IPHONEOS_DEPLOYMENT_TARGET = 7.0;
				ONLY_ACTIVE_ARCH = YES;
				SDKROOT = iphoneos;
			};
			name = Debug;
		};
		94BFAA601891BF50004E273A /* Release */ = {
			isa = XCBuildConfiguration;
			buildSettings = {
				ALWAYS_SEARCH_USER_PATHS = NO;
				ARCHS = "$(ARCHS_STANDARD_INCLUDING_64_BIT)";
				CLANG_CXX_LANGUAGE_STANDARD = "gnu++0x";
				CLANG_CXX_LIBRARY = "libc++";
				CLANG_ENABLE_MODULES = YES;
				CLANG_ENABLE_OBJC_ARC = YES;
				CLANG_WARN_BOOL_CONVERSION = YES;
				CLANG_WARN_CONSTANT_CONVERSION = YES;
				CLANG_WARN_DIRECT_OBJC_ISA_USAGE = YES_ERROR;
				CLANG_WARN_EMPTY_BODY = YES;
				CLANG_WARN_ENUM_CONVERSION = YES;
				CLANG_WARN_INT_CONVERSION = YES;
				CLANG_WARN_OBJC_ROOT_CLASS = YES_ERROR;
				CLANG_WARN__DUPLICATE_METHOD_MATCH = YES;
				"CODE_SIGN_IDENTITY[sdk=iphoneos*]" = "iPhone Developer";
				COPY_PHASE_STRIP = YES;
				ENABLE_NS_ASSERTIONS = NO;
				GCC_C_LANGUAGE_STANDARD = gnu99;
				GCC_WARN_64_TO_32_BIT_CONVERSION = YES;
				GCC_WARN_ABOUT_RETURN_TYPE = YES_ERROR;
				GCC_WARN_UNDECLARED_SELECTOR = YES;
				GCC_WARN_UNINITIALIZED_AUTOS = YES;
				GCC_WARN_UNUSED_FUNCTION = YES;
				GCC_WARN_UNUSED_VARIABLE = YES;
				IPHONEOS_DEPLOYMENT_TARGET = 7.0;
				SDKROOT = iphoneos;
				VALIDATE_PRODUCT = YES;
			};
			name = Release;
		};
		94BFAA621891BF50004E273A /* Debug */ = {
			isa = XCBuildConfiguration;
			buildSettings = {
				ASSETCATALOG_COMPILER_APPICON_NAME = AppIcon;
				ASSETCATALOG_COMPILER_LAUNCHIMAGE_NAME = LaunchImage;
				GCC_PRECOMPILE_PREFIX_HEADER = YES;
				GCC_PREFIX_HEADER = "GroupMe-iOS-SDK/GroupMe-iOS-SDK-Prefix.pch";
				INFOPLIST_FILE = "GroupMe-iOS-SDK/GroupMe-iOS-SDK-Info.plist";
				PRODUCT_NAME = "$(TARGET_NAME)";
				WRAPPER_EXTENSION = app;
			};
			name = Debug;
		};
		94BFAA631891BF50004E273A /* Release */ = {
			isa = XCBuildConfiguration;
			buildSettings = {
				ASSETCATALOG_COMPILER_APPICON_NAME = AppIcon;
				ASSETCATALOG_COMPILER_LAUNCHIMAGE_NAME = LaunchImage;
				GCC_PRECOMPILE_PREFIX_HEADER = YES;
				GCC_PREFIX_HEADER = "GroupMe-iOS-SDK/GroupMe-iOS-SDK-Prefix.pch";
				INFOPLIST_FILE = "GroupMe-iOS-SDK/GroupMe-iOS-SDK-Info.plist";
				PRODUCT_NAME = "$(TARGET_NAME)";
				WRAPPER_EXTENSION = app;
			};
			name = Release;
		};
		94BFAA651891BF50004E273A /* Debug */ = {
			isa = XCBuildConfiguration;
			buildSettings = {
				ARCHS = "$(ARCHS_STANDARD_INCLUDING_64_BIT)";
				BUNDLE_LOADER = "$(BUILT_PRODUCTS_DIR)/GroupMe-iOS-SDK.app/GroupMe-iOS-SDK";
				FRAMEWORK_SEARCH_PATHS = (
					"$(SDKROOT)/Developer/Library/Frameworks",
					"$(inherited)",
					"$(DEVELOPER_FRAMEWORKS_DIR)",
				);
				GCC_PRECOMPILE_PREFIX_HEADER = YES;
				GCC_PREFIX_HEADER = "GroupMe-iOS-SDK/GroupMe-iOS-SDK-Prefix.pch";
				GCC_PREPROCESSOR_DEFINITIONS = (
					"DEBUG=1",
					"$(inherited)",
				);
				INFOPLIST_FILE = "GroupMe-iOS-SDKTests/GroupMe-iOS-SDKTests-Info.plist";
				PRODUCT_NAME = "$(TARGET_NAME)";
				TEST_HOST = "$(BUNDLE_LOADER)";
				WRAPPER_EXTENSION = xctest;
			};
			name = Debug;
		};
		94BFAA661891BF50004E273A /* Release */ = {
			isa = XCBuildConfiguration;
			buildSettings = {
				ARCHS = "$(ARCHS_STANDARD_INCLUDING_64_BIT)";
				BUNDLE_LOADER = "$(BUILT_PRODUCTS_DIR)/GroupMe-iOS-SDK.app/GroupMe-iOS-SDK";
				FRAMEWORK_SEARCH_PATHS = (
					"$(SDKROOT)/Developer/Library/Frameworks",
					"$(inherited)",
					"$(DEVELOPER_FRAMEWORKS_DIR)",
				);
				GCC_PRECOMPILE_PREFIX_HEADER = YES;
				GCC_PREFIX_HEADER = "GroupMe-iOS-SDK/GroupMe-iOS-SDK-Prefix.pch";
				INFOPLIST_FILE = "GroupMe-iOS-SDKTests/GroupMe-iOS-SDKTests-Info.plist";
				PRODUCT_NAME = "$(TARGET_NAME)";
				TEST_HOST = "$(BUNDLE_LOADER)";
				WRAPPER_EXTENSION = xctest;
			};
			name = Release;
		};
/* End XCBuildConfiguration section */

/* Begin XCConfigurationList section */
		94BFAA2A1891BF4F004E273A /* Build configuration list for PBXProject "GroupMe-iOS-SDK" */ = {
			isa = XCConfigurationList;
			buildConfigurations = (
				94BFAA5F1891BF50004E273A /* Debug */,
				94BFAA601891BF50004E273A /* Release */,
			);
			defaultConfigurationIsVisible = 0;
			defaultConfigurationName = Release;
		};
		94BFAA611891BF50004E273A /* Build configuration list for PBXNativeTarget "GroupMe-iOS-SDK" */ = {
			isa = XCConfigurationList;
			buildConfigurations = (
				94BFAA621891BF50004E273A /* Debug */,
				94BFAA631891BF50004E273A /* Release */,
			);
			defaultConfigurationIsVisible = 0;
		};
		94BFAA641891BF50004E273A /* Build configuration list for PBXNativeTarget "GroupMe-iOS-SDKTests" */ = {
			isa = XCConfigurationList;
			buildConfigurations = (
				94BFAA651891BF50004E273A /* Debug */,
				94BFAA661891BF50004E273A /* Release */,
			);
			defaultConfigurationIsVisible = 0;
		};
/* End XCConfigurationList section */
	};
	rootObject = 94BFAA271891BF4F004E273A /* Project object */;
}
